{
  "name": "asskicker",
  "lockfileVersion": 2,
  "requires": true,
  "packages": {
    "": {
      "dependencies": {
        "nanoid": "^3.1.30"
      }
    },
    "node_modules/nanoid": {
      "version": "3.1.30",
      "resolved": "https://registry.npmjs.org/nanoid/-/nanoid-3.1.30.tgz",
      "integrity": "sha512-zJpuPDwOv8D2zq2WRoMe1HsfZthVewpel9CAvTfc/2mBD1uUT/agc5f7GHGWXlYkFvi1mVxe4IjvP2HNrop7nQ==",
      "bin": {
        "nanoid": "bin/nanoid.cjs"
      },
      "engines": {
        "node": "^10 || ^12 || ^13.7 || ^14 || >=15.0.1"
      }
    }
  },
  "dependencies": {
    "nanoid": {
      "version": "3.1.30",
      "resolved": "https://registry.npmjs.org/nanoid/-/nanoid-3.1.30.tgz",
      "integrity": "sha512-zJpuPDwOv8D2zq2WRoMe1HsfZthVewpel9CAvTfc/2mBD1uUT/agc5f7GHGWXlYkFvi1mVxe4IjvP2HNrop7nQ=="
    }
  }
}
